lockfileVersion: '9.0'

settings:
  autoInstallPeers: true
  excludeLinksFromLockfile: false

importers:

  .: {}

  apps/back: {}

  apps/front:
    dependencies:
      '@hookform/resolvers':
        specifier: ^5.2.2
        version: 5.2.2(react-hook-form@7.72.1(react@19.2.5))
      '@radix-ui/react-slot':
        specifier: ^1.2.4
        version: 1.2.4(@types/react@19.2.14)(react@19.2.5)
      '@tanstack/react-query':
        specifier: ^5.99.0
        version: 5.99.0(react@19.2.5)
      '@tanstack/react-router':
        specifier: ^1.168.22
        version: 1.168.22(react-dom@19.2.5(react@19.2.5))(react@19.2.5)
      clsx:
        specifier: ^2.1.1
        version: 2.1.1
      lucide-react:
        specifier: ^1.8.0
        version: 1.8.0(react@19.2.5)
      react:
        specifier: ^19.2.5
        version: 19.2.5
      react-dom:
        specifier: ^19.2.5
        version: 19.2.5(react@19.2.5)
      react-hook-form:
        specifier: ^7.72.1
        version: 7.72.1(react@19.2.5)
      tailwind-merge:
        specifier: ^3.5.0
        version: 3.5.0
      zod:
        specifier: ^4.3.6
        version: 4.3.6
    devDependencies:
      '@types/react':
        specifier: ^19.2.14
        version: 19.2.14
      '@types/react-dom':
        specifier: ^19.2.3
        version: 19.2.3(@types/react@19.2.14)

packages:

  '@hookform/resolvers@5.2.2':
    resolution: {integrity: sha512-A/IxlMLShx3KjV/HeTcTfaMxdwy690+L/ZADoeaTltLx+CVuzkeVIPuybK3jrRfw7YZnmdKsVVHAlEPIAEUNlA==}
    peerDependencies:
      react-hook-form: ^7.55.0

  '@radix-ui/react-compose-refs@1.1.2':
    resolution: {integrity: sha512-z4eqJvfiNnFMHIIvXP3CY57y2WJs5g2v3X0zm9mEJkrkNv4rDxu+sg9Jh8EkXyeqBkB7SOcboo9dMVqhyrACIg==}
    peerDependencies:
      '@types/react': '*'
      react: ^16.8 || ^17.0 || ^18.0 || ^19.0 || ^19.0.0-rc
    peerDependenciesMeta:
      '@types/react':
        optional: true

  '@radix-ui/react-slot@1.2.4':
    resolution: {integrity: sha512-Jl+bCv8HxKnlTLVrcDE8zTMJ09R9/ukw4qBs/oZClOfoQk/cOTbDn+NceXfV7j09YPVQUryJPHurafcSg6EVKA==}
    peerDependencies:
      '@types/react': '*'
      react: ^16.8 || ^17.0 || ^18.0 || ^19.0 || ^19.0.0-rc
    peerDependenciesMeta:
      '@types/react':
        optional: true

  '@standard-schema/utils@0.3.0':
    resolution: {integrity: sha512-e7Mew686owMaPJVNNLs55PUvgz371nKgwsc4vxE49zsODpJEnxgxRo2y/OKrqueavXgZNMDVj3DdHFlaSAeU8g==}

  '@tanstack/history@1.161.6':
    resolution: {integrity: sha512-NaOGLRrddszbQj9upGat6HG/4TKvXLvu+osAIgfxPYA+eIvYKv8GKDJOrY2D3/U9MRnKfMWD7bU4jeD4xmqyIg==}
    engines: {node: '>=20.19'}

  '@tanstack/query-core@5.99.0':
    resolution: {integrity: sha512-3Jv3WQG0BCcH7G+7lf/bP8QyBfJOXeY+T08Rin3GZ1bshvwlbPt7NrDHMEzGdKIOmOzvIQmxjk28YEQX60k7pQ==}

  '@tanstack/react-query@5.99.0':
    resolution: {integrity: sha512-OY2bCqPemT1LlqJ8Y2CUau4KELnIhhG9Ol3ZndPbdnB095pRbPo1cHuXTndg8iIwtoHTgwZjyaDnQ0xD0mYwAw==}
    peerDependencies:
      react: ^18 || ^19

  '@tanstack/react-router@1.168.22':
    resolution: {integrity: sha512-W2LyfkfJtDCf//jOjZeUBWwOVl8iDRVTECpGHa2M28MT3T5/VVnjgicYNHR/ax0Filk1iU67MRjcjHheTYvK1Q==}
    engines: {node: '>=20.19'}
    peerDependencies:
      react: '>=18.0.0 || >=19.0.0'
      react-dom: '>=18.0.0 || >=19.0.0'

  '@tanstack/react-store@0.9.3':
    resolution: {integrity: sha512-y2iHd/N9OkoQbFJLUX1T9vbc2O9tjH0pQRgTcx1/Nz4IlwLvkgpuglXUx+mXt0g5ZDFrEeDnONPqkbfxXJKwRg==}
    peerDependencies:
      react: ^16.8.0 || ^17.0.0 || ^18.0.0 || ^19.0.0
      react-dom: ^16.8.0 || ^17.0.0 || ^18.0.0 || ^19.0.0

  '@tanstack/router-core@1.168.15':
    resolution: {integrity: sha512-Wr0424NDtD8fT/uALobMZ9DdcfsTyXtW5IPR++7zvW8/7RaIOeaqXpVDId8ywaGtqPWLWOfaUg2zUtYtukoXYA==}
    engines: {node: '>=20.19'}
    hasBin: true

  '@tanstack/store@0.9.3':
    resolution: {integrity: sha512-8reSzl/qGWGGVKhBoxXPMWzATSbZLZFWhwBAFO9NAyp0TxzfBP0mIrGb8CP8KrQTmvzXlR/vFPPUrHTLBGyFyw==}

  '@types/react-dom@19.2.3':
    resolution: {integrity: sha512-jp2L/eY6fn+KgVVQAOqYItbF0VY/YApe5Mz2F0aykSO8gx31bYCZyvSeYxCHKvzHG5eZjc+zyaS5BrBWya2+kQ==}
    peerDependencies:
      '@types/react': ^19.2.0

  '@types/react@19.2.14':
    resolution: {integrity: sha512-ilcTH/UniCkMdtexkoCN0bI7pMcJDvmQFPvuPvmEaYA/NSfFTAgdUSLAoVjaRJm7+6PvcM+q1zYOwS4wTYMF9w==}

  clsx@2.1.1:
    resolution: {integrity: sha512-eYm0QWBtUrBWZWG0d386OGAw16Z995PiOVo2B7bjWSbHedGl5e0ZWaq65kOGgUSNesEIDkB9ISbTg/JK9dhCZA==}
    engines: {node: '>=6'}

  cookie-es@3.1.1:
    resolution: {integrity: sha512-UaXxwISYJPTr9hwQxMFYZ7kNhSXboMXP+Z3TRX6f1/NyaGPfuNUZOWP1pUEb75B2HjfklIYLVRfWiFZJyC6Npg==}

  csstype@3.2.3:
    resolution: {integrity: sha512-z1HGKcYy2xA8AGQfwrn0PAy+PB7X/GSj3UVJW9qKyn43xWa+gl5nXmU4qqLMRzWVLFC8KusUX8T/0kCiOYpAIQ==}

  isbot@5.1.39:
    resolution: {integrity: sha512-obH0yYahGXdzNxo+djmHhBYThUKDkz565cxkIlt2L9hXfv1NlaLKoDBHo6KxXsYrIXx2RK3x5vY36CfZcobxEw==}
    engines: {node: '>=18'}

  lucide-react@1.8.0:
    resolution: {integrity: sha512-WuvlsjngSk7TnTBJ1hsCy3ql9V9VOdcPkd3PKcSmM34vJD8KG6molxz7m7zbYFgICwsanQWmJ13JlYs4Zp7Arw==}
    peerDependencies:
      react: ^16.5.1 || ^17.0.0 || ^18.0.0 || ^19.0.0

  react-dom@19.2.5:
    resolution: {integrity: sha512-J5bAZz+DXMMwW/wV3xzKke59Af6CHY7G4uYLN1OvBcKEsWOs4pQExj86BBKamxl/Ik5bx9whOrvBlSDfWzgSag==}
    peerDependencies:
      react: ^19.2.5

  react-hook-form@7.72.1:
    resolution: {integrity: sha512-RhwBoy2ygeVZje+C+bwJ8g0NjTdBmDlJvAUHTxRjTmSUKPYsKfMphkS2sgEMotsY03bP358yEYlnUeZy//D9Ig==}
    engines: {node: '>=18.0.0'}
    peerDependencies:
      react: ^16.8.0 || ^17 || ^18 || ^19

  react@19.2.5:
    resolution: {integrity: sha512-llUJLzz1zTUBrskt2pwZgLq59AemifIftw4aB7JxOqf1HY2FDaGDxgwpAPVzHU1kdWabH7FauP4i1oEeer2WCA==}
    engines: {node: '>=0.10.0'}

  scheduler@0.27.0:
    resolution: {integrity: sha512-eNv+WrVbKu1f3vbYJT/xtiF5syA5HPIMtf9IgY/nKg0sWqzAUEvqY/xm7OcZc/qafLx/iO9FgOmeSAp4v5ti/Q==}

  seroval-plugins@1.5.2:
    resolution: {integrity: sha512-qpY0Cl+fKYFn4GOf3cMiq6l72CpuVaawb6ILjubOQ+diJ54LfOWaSSPsaswN8DRPIPW4Yq+tE1k5aKd7ILyaFg==}
    engines: {node: '>=10'}
    peerDependencies:
      seroval: ^1.0

  seroval@1.5.2:
    resolution: {integrity: sha512-xcRN39BdsnO9Tf+VzsE7b3JyTJASItIV1FVFewJKCFcW4s4haIKS3e6vj8PGB9qBwC7tnuOywQMdv5N4qkzi7Q==}
    engines: {node: '>=10'}

  tailwind-merge@3.5.0:
    resolution: {integrity: sha512-I8K9wewnVDkL1NTGoqWmVEIlUcB9gFriAEkXkfCjX5ib8ezGxtR3xD7iZIxrfArjEsH7F1CHD4RFUtxefdqV/A==}

  use-sync-external-store@1.6.0:
    resolution: {integrity: sha512-Pp6GSwGP/NrPIrxVFAIkOQeyw8lFenOHijQWkUTrDvrF4ALqylP2C/KCkeS9dpUM3KvYRQhna5vt7IL95+ZQ9w==}
    peerDependencies:
      react: ^16.8.0 || ^17.0.0 || ^18.0.0 || ^19.0.0

  zod@4.3.6:
    resolution: {integrity: sha512-rftlrkhHZOcjDwkGlnUtZZkvaPHCsDATp4pGpuOOMDaTdDDXF91wuVDJoWoPsKX/3YPQ5fHuF3STjcYyKr+Qhg==}

snapshots:

  '@hookform/resolvers@5.2.2(react-hook-form@7.72.1(react@19.2.5))':
    dependencies:
      '@standard-schema/utils': 0.3.0
      react-hook-form: 7.72.1(react@19.2.5)

  '@radix-ui/react-compose-refs@1.1.2(@types/react@19.2.14)(react@19.2.5)':
    dependencies:
      react: 19.2.5
    optionalDependencies:
      '@types/react': 19.2.14

  '@radix-ui/react-slot@1.2.4(@types/react@19.2.14)(react@19.2.5)':
    dependencies:
      '@radix-ui/react-compose-refs': 1.1.2(@types/react@19.2.14)(react@19.2.5)
      react: 19.2.5
    optionalDependencies:
      '@types/react': 19.2.14

  '@standard-schema/utils@0.3.0': {}

  '@tanstack/history@1.161.6': {}

  '@tanstack/query-core@5.99.0': {}

  '@tanstack/react-query@5.99.0(react@19.2.5)':
    dependencies:
      '@tanstack/query-core': 5.99.0
      react: 19.2.5

  '@tanstack/react-router@1.168.22(react-dom@19.2.5(react@19.2.5))(react@19.2.5)':
    dependencies:
      '@tanstack/history': 1.161.6
      '@tanstack/react-store': 0.9.3(react-dom@19.2.5(react@19.2.5))(react@19.2.5)
      '@tanstack/router-core': 1.168.15
      isbot: 5.1.39
      react: 19.2.5
      react-dom: 19.2.5(react@19.2.5)

  '@tanstack/react-store@0.9.3(react-dom@19.2.5(react@19.2.5))(react@19.2.5)':
    dependencies:
      '@tanstack/store': 0.9.3
      react: 19.2.5
      react-dom: 19.2.5(react@19.2.5)
      use-sync-external-store: 1.6.0(react@19.2.5)

  '@tanstack/router-core@1.168.15':
    dependencies:
      '@tanstack/history': 1.161.6
      cookie-es: 3.1.1
      seroval: 1.5.2
      seroval-plugins: 1.5.2(seroval@1.5.2)

  '@tanstack/store@0.9.3': {}

  '@types/react-dom@19.2.3(@types/react@19.2.14)':
    dependencies:
      '@types/react': 19.2.14

  '@types/react@19.2.14':
    dependencies:
      csstype: 3.2.3

  clsx@2.1.1: {}

  cookie-es@3.1.1: {}

  csstype@3.2.3: {}

  isbot@5.1.39: {}

  lucide-react@1.8.0(react@19.2.5):
    dependencies:
      react: 19.2.5

  react-dom@19.2.5(react@19.2.5):
    dependencies:
      react: 19.2.5
      scheduler: 0.27.0

  react-hook-form@7.72.1(react@19.2.5):
    dependencies:
      react: 19.2.5

  react@19.2.5: {}

  scheduler@0.27.0: {}

  seroval-plugins@1.5.2(seroval@1.5.2):
    dependencies:
      seroval: 1.5.2

  seroval@1.5.2: {}

  tailwind-merge@3.5.0: {}

  use-sync-external-store@1.6.0(react@19.2.5):
    dependencies:
      react: 19.2.5

  zod@4.3.6: {}
